
Microsoft Visual Studio Solution File, Format Version 12.00
# Visual Studio Version 17
VisualStudioVersion = 17.9.34728.123
MinimumVisualStudioVersion = 10.0.40219.1
Project("{54A90642-561A-4BB1-A94E-469ADEE60C69}") = "immunity_guide", "immunity_guide\immunity_guide.esproj", "{E25D3736-5436-4EA1-8B0C-CD99FD6317EA}"
EndProject
Global
	GlobalSection(SolutionConfigurationPlatforms) = preSolution
		Debug|Any CPU = Debug|Any CPU
		Release|Any CPU = Release|Any CPU
	EndGlobalSection
	GlobalSection(ProjectConfigurationPlatforms) = postSolution
		{E25D3736-5436-4EA1-8B0C-CD99FD6317EA}.Debug|Any CPU.ActiveCfg = Debug|Any CPU
		{E25D3736-5436-4EA1-8B0C-CD99FD6317EA}.Debug|Any CPU.Build.0 = Debug|Any CPU
		{E25D3736-5436-4EA1-8B0C-CD99FD6317EA}.Debug|Any CPU.Deploy.0 = Debug|Any CPU
		{E25D3736-5436-4EA1-8B0C-CD99FD6317EA}.Release|Any CPU.ActiveCfg = Release|Any CPU
		{E25D3736-5436-4EA1-8B0C-CD99FD6317EA}.Release|Any CPU.Build.0 = Release|Any CPU
		{E25D3736-5436-4EA1-8B0C-CD99FD6317EA}.Release|Any CPU.Deploy.0 = Release|Any CPU
	EndGlobalSection
	GlobalSection(SolutionProperties) = preSolution
		HideSolutionNode = FALSE
	EndGlobalSection
	GlobalSection(ExtensibilityGlobals) = postSolution
		SolutionGuid = {0FE92967-95B3-454E-AD7E-E75DF5D850BF}
	EndGlobalSection
EndGlobal
